
Microsoft Visual Studio Solution File, Format Version 12.00
# Visual Studio 2013
VisualStudioVersion = 12.0.40629.0
MinimumVisualStudioVersion = 10.0.40219.1
Project("{FAE04EC0-301F-11D3-BF4B-00C04F79EFBC}") = "NCWC_OperatingSystem", "HJ_NCWC_OperatingSystem\NCWC_OperatingSystem.csproj", "{5FD6769A-D67A-4470-8FD7-815F248CB8F2}"
EndProject
Project("{8BC9CEB8-8B4A-11D0-8D11-00A0C91BC942}") = "PCDFunctions", "projects\cvPCDFunctions\cvPCDFunctions.vcxproj", "{6B2156D8-B12D-4E38-8FFB-F7E56145BF75}"
EndProject
Project("{8BC9CEB8-8B4A-11D0-8D11-00A0C91BC942}") = "Mapping", "projects\cvPCDtest\cvPCDtest.vcxproj", "{28ECD125-1A88-4D2B-8ADC-50AD81B25B07}"
EndProject
Project("{8BC9CEB8-8B4A-11D0-8D11-00A0C91BC942}") = "DrivingControl", "projects\HJ_DrivingControl\HJ_DrivingControl.vcxproj", "{DB4CECF5-28FF-414A-AB5B-E739F655B87B}"
EndProject
Project("{8BC9CEB8-8B4A-11D0-8D11-00A0C91BC942}") = "kinectV2", "projects\HJ_kinectV2\HJ_kinectV2.vcxproj", "{89B325AE-B801-46E4-A138-C95F453AE756}"
EndProject
Project("{FAE04EC0-301F-11D3-BF4B-00C04F79EFBC}") = "MakeRouteForm", "projects\HJ_MakeRoute\MakeRouteForm.csproj", "{60D1ADE1-62C6-4D65-B0EC-27EEFAF16734}"
EndProject
Project("{8BC9CEB8-8B4A-11D0-8D11-00A0C91BC942}") = "ReceiveAndroidSensors", "projects\HJ_ReceiveAndroidSensors\HJ_ReceiveAndroidSensors.vcxproj", "{FE77D944-18DD-4A6C-A930-BBADE0B44546}"
EndProject
Project("{8BC9CEB8-8B4A-11D0-8D11-00A0C91BC942}") = "MakeRoutepp", "projects\MakeRoutepp\MakeRoutepp.vcxproj", "{A5D14053-15E1-4809-A681-49F6916CD839}"
EndProject
Project("{8BC9CEB8-8B4A-11D0-8D11-00A0C91BC942}") = "SharedMemorypp", "projects\SharedMemoryTESTpp\SharedMemoryTESTpp.vcxproj", "{70A7D7F2-53D7-4452-8591-8E40A99AF1F8}"
EndProject
Project("{8BC9CEB8-8B4A-11D0-8D11-00A0C91BC942}") = "Timer", "projects\Timer\Timer.vcxproj", "{C64C572B-D760-463B-A17E-A706F44B6CAC}"
EndProject
Project("{FAE04EC0-301F-11D3-BF4B-00C04F79EFBC}") = "MappingForm", "projects\MappingForm\MappingForm.csproj", "{65732A06-615E-4065-BB4F-0E752F99D8D4}"
EndProject
Global
	GlobalSection(SolutionConfigurationPlatforms) = preSolution
		Debug|Any CPU = Debug|Any CPU
		Debug|Mixed Platforms = Debug|Mixed Platforms
		Debug|Win32 = Debug|Win32
		Release|Any CPU = Release|Any CPU
		Release|Mixed Platforms = Release|Mixed Platforms
		Release|Win32 = Release|Win32
	EndGlobalSection
	GlobalSection(ProjectConfigurationPlatforms) = postSolution
		{5FD6769A-D67A-4470-8FD7-815F248CB8F2}.Debug|Any CPU.ActiveCfg = Debug|Any CPU
		{5FD6769A-D67A-4470-8FD7-815F248CB8F2}.Debug|Any CPU.Build.0 = Debug|Any CPU
		{5FD6769A-D67A-4470-8FD7-815F248CB8F2}.Debug|Mixed Platforms.ActiveCfg = Debug|Any CPU
		{5FD6769A-D67A-4470-8FD7-815F248CB8F2}.Debug|Mixed Platforms.Build.0 = Debug|Any CPU
		{5FD6769A-D67A-4470-8FD7-815F248CB8F2}.Debug|Win32.ActiveCfg = Debug|Any CPU
		{5FD6769A-D67A-4470-8FD7-815F248CB8F2}.Debug|Win32.Build.0 = Debug|Any CPU
		{5FD6769A-D67A-4470-8FD7-815F248CB8F2}.Release|Any CPU.ActiveCfg = Release|Any CPU
		{5FD6769A-D67A-4470-8FD7-815F248CB8F2}.Release|Any CPU.Build.0 = Release|Any CPU
		{5FD6769A-D67A-4470-8FD7-815F248CB8F2}.Release|Mixed Platforms.ActiveCfg = Release|Any CPU
		{5FD6769A-D67A-4470-8FD7-815F248CB8F2}.Release|Mixed Platforms.Build.0 = Release|Any CPU
		{5FD6769A-D67A-4470-8FD7-815F248CB8F2}.Release|Win32.ActiveCfg = Debug|Any CPU
		{5FD6769A-D67A-4470-8FD7-815F248CB8F2}.Release|Win32.Build.0 = Debug|Any CPU
		{6B2156D8-B12D-4E38-8FFB-F7E56145BF75}.Debug|Any CPU.ActiveCfg = Debug|Win32
		{6B2156D8-B12D-4E38-8FFB-F7E56145BF75}.Debug|Mixed Platforms.ActiveCfg = Debug|Win32
		{6B2156D8-B12D-4E38-8FFB-F7E56145BF75}.Debug|Mixed Platforms.Build.0 = Debug|Win32
		{6B2156D8-B12D-4E38-8FFB-F7E56145BF75}.Debug|Win32.ActiveCfg = Debug|Win32
		{6B2156D8-B12D-4E38-8FFB-F7E56145BF75}.Debug|Win32.Build.0 = Debug|Win32
		{6B2156D8-B12D-4E38-8FFB-F7E56145BF75}.Release|Any CPU.ActiveCfg = Release|Win32
		{6B2156D8-B12D-4E38-8FFB-F7E56145BF75}.Release|Mixed Platforms.ActiveCfg = Release|Win32
		{6B2156D8-B12D-4E38-8FFB-F7E56145BF75}.Release|Mixed Platforms.Build.0 = Release|Win32
		{6B2156D8-B12D-4E38-8FFB-F7E56145BF75}.Release|Win32.ActiveCfg = Debug|Win32
		{6B2156D8-B12D-4E38-8FFB-F7E56145BF75}.Release|Win32.Build.0 = Debug|Win32
		{28ECD125-1A88-4D2B-8ADC-50AD81B25B07}.Debug|Any CPU.ActiveCfg = Debug|Win32
		{28ECD125-1A88-4D2B-8ADC-50AD81B25B07}.Debug|Mixed Platforms.ActiveCfg = Debug|Win32
		{28ECD125-1A88-4D2B-8ADC-50AD81B25B07}.Debug|Mixed Platforms.Build.0 = Debug|Win32
		{28ECD125-1A88-4D2B-8ADC-50AD81B25B07}.Debug|Win32.ActiveCfg = Debug|Win32
		{28ECD125-1A88-4D2B-8ADC-50AD81B25B07}.Debug|Win32.Build.0 = Debug|Win32
		{28ECD125-1A88-4D2B-8ADC-50AD81B25B07}.Release|Any CPU.ActiveCfg = Release|Win32
		{28ECD125-1A88-4D2B-8ADC-50AD81B25B07}.Release|Mixed Platforms.ActiveCfg = Release|Win32
		{28ECD125-1A88-4D2B-8ADC-50AD81B25B07}.Release|Mixed Platforms.Build.0 = Release|Win32
		{28ECD125-1A88-4D2B-8ADC-50AD81B25B07}.Release|Win32.ActiveCfg = Debug|Win32
		{28ECD125-1A88-4D2B-8ADC-50AD81B25B07}.Release|Win32.Build.0 = Debug|Win32
		{DB4CECF5-28FF-414A-AB5B-E739F655B87B}.Debug|Any CPU.ActiveCfg = Debug|Win32
		{DB4CECF5-28FF-414A-AB5B-E739F655B87B}.Debug|Mixed Platforms.ActiveCfg = Debug|Win32
		{DB4CECF5-28FF-414A-AB5B-E739F655B87B}.Debug|Mixed Platforms.Build.0 = Debug|Win32
		{DB4CECF5-28FF-414A-AB5B-E739F655B87B}.Debug|Win32.ActiveCfg = Debug|Win32
		{DB4CECF5-28FF-414A-AB5B-E739F655B87B}.Debug|Win32.Build.0 = Debug|Win32
		{DB4CECF5-28FF-414A-AB5B-E739F655B87B}.Release|Any CPU.ActiveCfg = Release|Win32
		{DB4CECF5-28FF-414A-AB5B-E739F655B87B}.Release|Mixed Platforms.ActiveCfg = Release|Win32
		{DB4CECF5-28FF-414A-AB5B-E739F655B87B}.Release|Mixed Platforms.Build.0 = Release|Win32
		{DB4CECF5-28FF-414A-AB5B-E739F655B87B}.Release|Win32.ActiveCfg = Debug|Win32
		{DB4CECF5-28FF-414A-AB5B-E739F655B87B}.Release|Win32.Build.0 = Debug|Win32
		{89B325AE-B801-46E4-A138-C95F453AE756}.Debug|Any CPU.ActiveCfg = Debug|Win32
		{89B325AE-B801-46E4-A138-C95F453AE756}.Debug|Mixed Platforms.ActiveCfg = Debug|Win32
		{89B325AE-B801-46E4-A138-C95F453AE756}.Debug|Mixed Platforms.Build.0 = Debug|Win32
		{89B325AE-B801-46E4-A138-C95F453AE756}.Debug|Win32.ActiveCfg = Debug|Win32
		{89B325AE-B801-46E4-A138-C95F453AE756}.Debug|Win32.Build.0 = Debug|Win32
		{89B325AE-B801-46E4-A138-C95F453AE756}.Release|Any CPU.ActiveCfg = Release|Win32
		{89B325AE-B801-46E4-A138-C95F453AE756}.Release|Mixed Platforms.ActiveCfg = Release|Win32
		{89B325AE-B801-46E4-A138-C95F453AE756}.Release|Mixed Platforms.Build.0 = Release|Win32
		{89B325AE-B801-46E4-A138-C95F453AE756}.Release|Win32.ActiveCfg = Debug|Win32
		{89B325AE-B801-46E4-A138-C95F453AE756}.Release|Win32.Build.0 = Debug|Win32
		{60D1ADE1-62C6-4D65-B0EC-27EEFAF16734}.Debug|Any CPU.ActiveCfg = Debug|Any CPU
		{60D1ADE1-62C6-4D65-B0EC-27EEFAF16734}.Debug|Any CPU.Build.0 = Debug|Any CPU
		{60D1ADE1-62C6-4D65-B0EC-27EEFAF16734}.Debug|Mixed Platforms.ActiveCfg = Debug|Any CPU
		{60D1ADE1-62C6-4D65-B0EC-27EEFAF16734}.Debug|Mixed Platforms.Build.0 = Debug|Any CPU
		{60D1ADE1-62C6-4D65-B0EC-27EEFAF16734}.Debug|Win32.ActiveCfg = Debug|Any CPU
		{60D1ADE1-62C6-4D65-B0EC-27EEFAF16734}.Debug|Win32.Build.0 = Debug|Any CPU
		{60D1ADE1-62C6-4D65-B0EC-27EEFAF16734}.Release|Any CPU.ActiveCfg = Release|Any CPU
		{60D1ADE1-62C6-4D65-B0EC-27EEFAF16734}.Release|Any CPU.Build.0 = Release|Any CPU
		{60D1ADE1-62C6-4D65-B0EC-27EEFAF16734}.Release|Mixed Platforms.ActiveCfg = Release|Any CPU
		{60D1ADE1-62C6-4D65-B0EC-27EEFAF16734}.Release|Mixed Platforms.Build.0 = Release|Any CPU
		{60D1ADE1-62C6-4D65-B0EC-27EEFAF16734}.Release|Win32.ActiveCfg = Debug|Any CPU
		{60D1ADE1-62C6-4D65-B0EC-27EEFAF16734}.Release|Win32.Build.0 = Debug|Any CPU
		{FE77D944-18DD-4A6C-A930-BBADE0B44546}.Debug|Any CPU.ActiveCfg = Debug|Win32
		{FE77D944-18DD-4A6C-A930-BBADE0B44546}.Debug|Mixed Platforms.ActiveCfg = Debug|Win32
		{FE77D944-18DD-4A6C-A930-BBADE0B44546}.Debug|Mixed Platforms.Build.0 = Debug|Win32
		{FE77D944-18DD-4A6C-A930-BBADE0B44546}.Debug|Win32.ActiveCfg = Debug|Win32
		{FE77D944-18DD-4A6C-A930-BBADE0B44546}.Debug|Win32.Build.0 = Debug|Win32
		{FE77D944-18DD-4A6C-A930-BBADE0B44546}.Release|Any CPU.ActiveCfg = Release|Win32
		{FE77D944-18DD-4A6C-A930-BBADE0B44546}.Release|Mixed Platforms.ActiveCfg = Release|Win32
		{FE77D944-18DD-4A6C-A930-BBADE0B44546}.Release|Mixed Platforms.Build.0 = Release|Win32
		{FE77D944-18DD-4A6C-A930-BBADE0B44546}.Release|Win32.ActiveCfg = Debug|Win32
		{FE77D944-18DD-4A6C-A930-BBADE0B44546}.Release|Win32.Build.0 = Debug|Win32
		{A5D14053-15E1-4809-A681-49F6916CD839}.Debug|Any CPU.ActiveCfg = Debug|Win32
		{A5D14053-15E1-4809-A681-49F6916CD839}.Debug|Mixed Platforms.ActiveCfg = Debug|Win32
		{A5D14053-15E1-4809-A681-49F6916CD839}.Debug|Mixed Platforms.Build.0 = Debug|Win32
		{A5D14053-15E1-4809-A681-49F6916CD839}.Debug|Win32.ActiveCfg = Debug|Win32
		{A5D14053-15E1-4809-A681-49F6916CD839}.Debug|Win32.Build.0 = Debug|Win32
		{A5D14053-15E1-4809-A681-49F6916CD839}.Release|Any CPU.ActiveCfg = Release|Win32
		{A5D14053-15E1-4809-A681-49F6916CD839}.Release|Mixed Platforms.ActiveCfg = Release|Win32
		{A5D14053-15E1-4809-A681-49F6916CD839}.Release|Mixed Platforms.Build.0 = Release|Win32
		{A5D14053-15E1-4809-A681-49F6916CD839}.Release|Win32.ActiveCfg = Debug|Win32
		{A5D14053-15E1-4809-A681-49F6916CD839}.Release|Win32.Build.0 = Debug|Win32
		{70A7D7F2-53D7-4452-8591-8E40A99AF1F8}.Debug|Any CPU.ActiveCfg = Debug|Win32
		{70A7D7F2-53D7-4452-8591-8E40A99AF1F8}.Debug|Mixed Platforms.ActiveCfg = Debug|Win32
		{70A7D7F2-53D7-4452-8591-8E40A99AF1F8}.Debug|Mixed Platforms.Build.0 = Debug|Win32
		{70A7D7F2-53D7-4452-8591-8E40A99AF1F8}.Debug|Win32.ActiveCfg = Debug|Win32
		{70A7D7F2-53D7-4452-8591-8E40A99AF1F8}.Debug|Win32.Build.0 = Debug|Win32
		{70A7D7F2-53D7-4452-8591-8E40A99AF1F8}.Release|Any CPU.ActiveCfg = Release|Win32
		{70A7D7F2-53D7-4452-8591-8E40A99AF1F8}.Release|Mixed Platforms.ActiveCfg = Release|Win32
		{70A7D7F2-53D7-4452-8591-8E40A99AF1F8}.Release|Mixed Platforms.Build.0 = Release|Win32
		{70A7D7F2-53D7-4452-8591-8E40A99AF1F8}.Release|Win32.ActiveCfg = Debug|Win32
		{70A7D7F2-53D7-4452-8591-8E40A99AF1F8}.Release|Win32.Build.0 = Debug|Win32
		{C64C572B-D760-463B-A17E-A706F44B6CAC}.Debug|Any CPU.ActiveCfg = Debug|Win32
		{C64C572B-D760-463B-A17E-A706F44B6CAC}.Debug|Mixed Platforms.ActiveCfg = Debug|Win32
		{C64C572B-D760-463B-A17E-A706F44B6CAC}.Debug|Mixed Platforms.Build.0 = Debug|Win32
		{C64C572B-D760-463B-A17E-A706F44B6CAC}.Debug|Win32.ActiveCfg = Debug|Win32
		{C64C572B-D760-463B-A17E-A706F44B6CAC}.Debug|Win32.Build.0 = Debug|Win32
		{C64C572B-D760-463B-A17E-A706F44B6CAC}.Release|Any CPU.ActiveCfg = Release|Win32
		{C64C572B-D760-463B-A17E-A706F44B6CAC}.Release|Mixed Platforms.ActiveCfg = Release|Win32
		{C64C572B-D760-463B-A17E-A706F44B6CAC}.Release|Mixed Platforms.Build.0 = Release|Win32
		{C64C572B-D760-463B-A17E-A706F44B6CAC}.Release|Win32.ActiveCfg = Debug|Win32
		{C64C572B-D760-463B-A17E-A706F44B6CAC}.Release|Win32.Build.0 = Debug|Win32
		{65732A06-615E-4065-BB4F-0E752F99D8D4}.Debug|Any CPU.ActiveCfg = Debug|Any CPU
		{65732A06-615E-4065-BB4F-0E752F99D8D4}.Debug|Any CPU.Build.0 = Debug|Any CPU
		{65732A06-615E-4065-BB4F-0E752F99D8D4}.Debug|Mixed Platforms.ActiveCfg = Debug|Any CPU
		{65732A06-615E-4065-BB4F-0E752F99D8D4}.Debug|Mixed Platforms.Build.0 = Debug|Any CPU
		{65732A06-615E-4065-BB4F-0E752F99D8D4}.Debug|Win32.ActiveCfg = Debug|Any CPU
		{65732A06-615E-4065-BB4F-0E752F99D8D4}.Release|Any CPU.ActiveCfg = Release|Any CPU
		{65732A06-615E-4065-BB4F-0E752F99D8D4}.Release|Any CPU.Build.0 = Release|Any CPU
		{65732A06-615E-4065-BB4F-0E752F99D8D4}.Release|Mixed Platforms.ActiveCfg = Release|Any CPU
		{65732A06-615E-4065-BB4F-0E752F99D8D4}.Release|Mixed Platforms.Build.0 = Release|Any CPU
		{65732A06-615E-4065-BB4F-0E752F99D8D4}.Release|Win32.ActiveCfg = Release|Any CPU
	EndGlobalSection
	GlobalSection(SolutionProperties) = preSolution
		HideSolutionNode = FALSE
	EndGlobalSection
EndGlobal
